
Microsoft Visual Studio Solution File, Format Version 12.00
# Visual Studio Version 16
VisualStudioVersion = 16.0.29102.190
MinimumVisualStudioVersion = 10.0.40219.1
Project("{9A19103F-16F7-4668-BE54-9A1E7A4F7556}") = "Alpha.Mongo.Netcore", "alpha.mongo.netcore\Alpha.Mongo.Netcore.csproj", "{A186B77B-0E34-4CDF-AC13-3AD264C57524}"
EndProject
Global
	GlobalSection(SolutionConfigurationPlatforms) = preSolution
		Debug|Any CPU = Debug|Any CPU
		Release|Any CPU = Release|Any CPU
	EndGlobalSection
	GlobalSection(ProjectConfigurationPlatforms) = postSolution
		{A186B77B-0E34-4CDF-AC13-3AD264C57524}.Debug|Any CPU.ActiveCfg = Debug|Any CPU
		{A186B77B-0E34-4CDF-AC13-3AD264C57524}.Debug|Any CPU.Build.0 = Debug|Any CPU
		{A186B77B-0E34-4CDF-AC13-3AD264C57524}.Release|Any CPU.ActiveCfg = Release|Any CPU
		{A186B77B-0E34-4CDF-AC13-3AD264C57524}.Release|Any CPU.Build.0 = Release|Any CPU
	EndGlobalSection
	GlobalSection(SolutionProperties) = preSolution
		HideSolutionNode = FALSE
	EndGlobalSection
	GlobalSection(ExtensibilityGlobals) = postSolution
		SolutionGuid = {34F94FD5-85AD-4B07-9C5E-7787374F65CB}
	EndGlobalSection
EndGlobal
